
Microsoft Visual Studio Solution File, Format Version 12.00
# Visual Studio 2012
Project("{FAE04EC0-301F-11D3-BF4B-00C04F79EFBC}") = "FindAllHudgeFiles", "FindAllHudgeFiles\FindAllHudgeFiles.csproj", "{FA0B8ADF-9949-4BF4-B80E-C9E541B5B066}"
EndProject
Global
	GlobalSection(SolutionConfigurationPlatforms) = preSolution
		Debug|Any CPU = Debug|Any CPU
		Release|Any CPU = Release|Any CPU
	EndGlobalSection
	GlobalSection(ProjectConfigurationPlatforms) = postSolution
		{FA0B8ADF-9949-4BF4-B80E-C9E541B5B066}.Debug|Any CPU.ActiveCfg = Debug|Any CPU
		{FA0B8ADF-9949-4BF4-B80E-C9E541B5B066}.Debug|Any CPU.Build.0 = Debug|Any CPU
		{FA0B8ADF-9949-4BF4-B80E-C9E541B5B066}.Release|Any CPU.ActiveCfg = Release|Any CPU
		{FA0B8ADF-9949-4BF4-B80E-C9E541B5B066}.Release|Any CPU.Build.0 = Release|Any CPU
	EndGlobalSection
	GlobalSection(SolutionProperties) = preSolution
		HideSolutionNode = FALSE
	EndGlobalSection
EndGlobal
